{
  "nodes": {
    "aagl": {
      "inputs": {
        "flake-compat": "flake-compat",
        "nixpkgs": [
          "nixpkgs-unstable"
        ]
      },
      "locked": {
        "lastModified": 1747604877,
        "narHash": "sha256-+rmmJiHZjcyJLguHRApdoOaJeULMTb4Dw1DESpvhB2Y=",
        "owner": "ezKEa",
        "repo": "aagl-gtk-on-nix",
        "rev": "a28e2babb7821a76e6e2177a4ccae53062a8187c",
        "type": "github"
      },
      "original": {
        "owner": "ezKEa",
        "ref": "release-24.11",
        "repo": "aagl-gtk-on-nix",
        "type": "github"
      }
    },
    "advisory-db": {
      "flake": false,
      "locked": {
        "lastModified": 1726496182,
        "narHash": "sha256-V5193OeAuy0smfeOF2omeJXk+kq+tlEzcpk2MrUpai0=",
        "owner": "rustsec",
        "repo": "advisory-db",
        "rev": "3cae2352cf82b5815b98aa309e0f4df6aa737cec",
        "type": "github"
      },
      "original": {
        "owner": "rustsec",
        "repo": "advisory-db",
        "type": "github"
      }
    },
    "auto-cpufreq": {
      "inputs": {
        "nixpkgs": [
          "nixpkgs"
        ]
      },
      "locked": {
        "lastModified": 1769608722,
        "narHash": "sha256-yWUG0Emd9EuqIZ8jQ6fxqf7USw7Gtcqb4+sBhn+S+Wg=",
        "owner": "AdnanHodzic",
        "repo": "auto-cpufreq",
        "rev": "a11a98c46bf6a77d0c2e0ea8d87acef78507cae5",
        "type": "github"
      },
      "original": {
        "owner": "AdnanHodzic",
        "repo": "auto-cpufreq",
        "type": "github"
      }
    },
    "base16": {
      "inputs": {
        "fromYaml": "fromYaml"
      },
      "locked": {
        "lastModified": 1755819240,
        "narHash": "sha256-qcMhnL7aGAuFuutH4rq9fvAhCpJWVHLcHVZLtPctPlo=",
        "owner": "SenchoPens",
        "repo": "base16.nix",
        "rev": "75ed5e5e3fce37df22e49125181fa37899c3ccd6",
        "type": "github"
      },
      "original": {
        "owner": "SenchoPens",
        "repo": "base16.nix",
        "type": "github"
      }
    },
    "base16-fish": {
      "flake": false,
      "locked": {
        "lastModified": 1765809053,
        "narHash": "sha256-XCUQLoLfBJ8saWms2HCIj4NEN+xNsWBlU1NrEPcQG4s=",
        "owner": "tomyun",
        "repo": "base16-fish",
        "rev": "86cbea4dca62e08fb7fd83a70e96472f92574782",
        "type": "github"
      },
      "original": {
        "owner": "tomyun",
        "repo": "base16-fish",
        "rev": "86cbea4dca62e08fb7fd83a70e96472f92574782",
        "type": "github"
      }
    },
    "base16-helix": {
      "flake": false,
      "locked": {
        "lastModified": 1760703920,
        "narHash": "sha256-m82fGUYns4uHd+ZTdoLX2vlHikzwzdu2s2rYM2bNwzw=",
        "owner": "tinted-theming",
        "repo": "base16-helix",
        "rev": "d646af9b7d14bff08824538164af99d0c521b185",
        "type": "github"
      },
      "original": {
        "owner": "tinted-theming",
        "repo": "base16-helix",
        "type": "github"
      }
    },
    "base16-vim": {
      "flake": false,
      "locked": {
        "lastModified": 1732806396,
        "narHash": "sha256-e0bpPySdJf0F68Ndanwm+KWHgQiZ0s7liLhvJSWDNsA=",
        "owner": "tinted-theming",
        "repo": "base16-vim",
        "rev": "577fe8125d74ff456cf942c733a85d769afe58b7",
        "type": "github"
      },
      "original": {
        "owner": "tinted-theming",
        "repo": "base16-vim",
        "rev": "577fe8125d74ff456cf942c733a85d769afe58b7",
        "type": "github"
      }
    },
    "crane": {
      "locked": {
        "lastModified": 1725409566,
        "narHash": "sha256-PrtLmqhM6UtJP7v7IGyzjBFhbG4eOAHT6LPYOFmYfbk=",
        "owner": "ipetkov",
        "repo": "crane",
        "rev": "7e4586bad4e3f8f97a9271def747cf58c4b68f3c",
        "type": "github"
      },
      "original": {
        "owner": "ipetkov",
        "repo": "crane",
        "type": "github"
      }
    },
    "determinate": {
      "inputs": {
        "determinate-nixd-aarch64-darwin": "determinate-nixd-aarch64-darwin",
        "determinate-nixd-aarch64-linux": "determinate-nixd-aarch64-linux",
        "determinate-nixd-x86_64-linux": "determinate-nixd-x86_64-linux",
        "nix": "nix",
        "nixpkgs": "nixpkgs_2"
      },
      "locked": {
        "lastModified": 1768964099,
        "narHash": "sha256-sV1OJYyktJRl7I3HxeBvWTWXjqm2uCTS3gS1p+DLn7c=",
        "rev": "a5469e9aa3870941320cb92d899b66e141c5a3cd",
        "revCount": 394,
        "type": "tarball",
        "url": "https://api.flakehub.com/f/pinned/DeterminateSystems/determinate/3.15.2/019bde7d-0725-73ef-9705-498c50ef6e00/source.tar.gz"
      },
      "original": {
        "type": "tarball",
        "url": "https://flakehub.com/f/DeterminateSystems/determinate/%2A"
      }
    },
    "determinate-nixd-aarch64-darwin": {
      "flake": false,
      "locked": {
        "narHash": "sha256-zK2dgNHh/p92rk5jN+Y1LOMn0HEdTsS+7XXwb2g52oM=",
        "type": "file",
        "url": "https://install.determinate.systems/determinate-nixd/tag/v3.15.2/macOS"
      },
      "original": {
        "type": "file",
        "url": "https://install.determinate.systems/determinate-nixd/tag/v3.15.2/macOS"
      }
    },
    "determinate-nixd-aarch64-linux": {
      "flake": false,
      "locked": {
        "narHash": "sha256-ckvZP0zFcbzLXWYOJUqYXkKBt0b2IZcQEr7YjEVtwOI=",
        "type": "file",
        "url": "https://install.determinate.systems/determinate-nixd/tag/v3.15.2/aarch64-linux"
      },
      "original": {
        "type": "file",
        "url": "https://install.determinate.systems/determinate-nixd/tag/v3.15.2/aarch64-linux"
      }
    },
    "determinate-nixd-x86_64-linux": {
      "flake": false,
      "locked": {
        "narHash": "sha256-8dLtm8FJrpyBmrNpspJj30/6I5HGEfjjXuFqURcZ8pk=",
        "type": "file",
        "url": "https://install.determinate.systems/determinate-nixd/tag/v3.15.2/x86_64-linux"
      },
      "original": {
        "type": "file",
        "url": "https://install.determinate.systems/determinate-nixd/tag/v3.15.2/x86_64-linux"
      }
    },
    "fenix": {
      "inputs": {
        "nixpkgs": [
          "mcmpmgr",
          "nixpkgs"
        ],
        "rust-analyzer-src": [
          "mcmpmgr"
        ]
      },
      "locked": {
        "lastModified": 1726727555,
        "narHash": "sha256-WAYoFXry7bU3UXCFklX6tBOfBdZUHi+MeIk1JxUKNEo=",
        "owner": "nix-community",
        "repo": "fenix",
        "rev": "3b974166133158907839fe20147e11696fade644",
        "type": "github"
      },
      "original": {
        "owner": "nix-community",
        "repo": "fenix",
        "type": "github"
      }
    },
    "firefox-gnome-theme": {
      "flake": false,
      "locked": {
        "lastModified": 1764873433,
        "narHash": "sha256-1XPewtGMi+9wN9Ispoluxunw/RwozuTRVuuQOmxzt+A=",
        "owner": "rafaelmardojai",
        "repo": "firefox-gnome-theme",
        "rev": "f7ffd917ac0d253dbd6a3bf3da06888f57c69f92",
        "type": "github"
      },
      "original": {
        "owner": "rafaelmardojai",
        "repo": "firefox-gnome-theme",
        "type": "github"
      }
    },
    "flake-compat": {
      "flake": false,
      "locked": {
        "lastModified": 1733328505,
        "narHash": "sha256-NeCCThCEP3eCl2l/+27kNNK7QrwZB1IJCrXfrbv5oqU=",
        "owner": "edolstra",
        "repo": "flake-compat",
        "rev": "ff81ac966bb2cae68946d5ed5fc4994f96d0ffec",
        "type": "github"
      },
      "original": {
        "owner": "edolstra",
        "repo": "flake-compat",
        "type": "github"
      }
    },
    "flake-compat_2": {
      "flake": false,
      "locked": {
        "lastModified": 1696426674,
        "narHash": "sha256-kvjfFW7WAETZlt09AgDn1MrtKzP7t90Vf7vypd3OL1U=",
        "owner": "edolstra",
        "repo": "flake-compat",
        "rev": "0f9255e01c2351cc7d116c072cb317785dd33b33",
        "type": "github"
      },
      "original": {
        "owner": "edolstra",
        "repo": "flake-compat",
        "type": "github"
      }
    },
    "flake-parts": {
      "inputs": {
        "nixpkgs-lib": [
          "determinate",
          "nix",
          "nixpkgs"
        ]
      },
      "locked": {
        "lastModified": 1748821116,
        "narHash": "sha256-F82+gS044J1APL0n4hH50GYdPRv/5JWm34oCJYmVKdE=",
        "rev": "49f0870db23e8c1ca0b5259734a02cd9e1e371a1",
        "revCount": 377,
        "type": "tarball",
        "url": "https://api.flakehub.com/f/pinned/hercules-ci/flake-parts/0.1.377%2Brev-49f0870db23e8c1ca0b5259734a02cd9e1e371a1/01972f28-554a-73f8-91f4-d488cc502f08/source.tar.gz"
      },
      "original": {
        "type": "tarball",
        "url": "https://flakehub.com/f/hercules-ci/flake-parts/0.1"
      }
    },
    "flake-parts_2": {
      "inputs": {
        "nixpkgs-lib": "nixpkgs-lib"
      },
      "locked": {
        "lastModified": 1769996383,
        "narHash": "sha256-AnYjnFWgS49RlqX7LrC4uA+sCCDBj0Ry/WOJ5XWAsa0=",
        "owner": "hercules-ci",
        "repo": "flake-parts",
        "rev": "57928607ea566b5db3ad13af0e57e921e6b12381",
        "type": "github"
      },
      "original": {
        "owner": "hercules-ci",
        "repo": "flake-parts",
        "type": "github"
      }
    },
    "flake-parts_3": {
      "inputs": {
        "nixpkgs-lib": "nixpkgs-lib_2"
      },
      "locked": {
        "lastModified": 1769996383,
        "narHash": "sha256-AnYjnFWgS49RlqX7LrC4uA+sCCDBj0Ry/WOJ5XWAsa0=",
        "owner": "hercules-ci",
        "repo": "flake-parts",
        "rev": "57928607ea566b5db3ad13af0e57e921e6b12381",
        "type": "github"
      },
      "original": {
        "owner": "hercules-ci",
        "repo": "flake-parts",
        "type": "github"
      }
    },
    "flake-parts_4": {
      "inputs": {
        "nixpkgs-lib": [
          "nixvim",
          "nixpkgs"
        ]
      },
      "locked": {
        "lastModified": 1769996383,
        "narHash": "sha256-AnYjnFWgS49RlqX7LrC4uA+sCCDBj0Ry/WOJ5XWAsa0=",
        "owner": "hercules-ci",
        "repo": "flake-parts",
        "rev": "57928607ea566b5db3ad13af0e57e921e6b12381",
        "type": "github"
      },
      "original": {
        "owner": "hercules-ci",
        "repo": "flake-parts",
        "type": "github"
      }
    },
    "flake-parts_5": {
      "inputs": {
        "nixpkgs-lib": [
          "stylix",
          "nixpkgs"
        ]
      },
      "locked": {
        "lastModified": 1767609335,
        "narHash": "sha256-feveD98mQpptwrAEggBQKJTYbvwwglSbOv53uCfH9PY=",
        "owner": "hercules-ci",
        "repo": "flake-parts",
        "rev": "250481aafeb741edfe23d29195671c19b36b6dca",
        "type": "github"
      },
      "original": {
        "owner": "hercules-ci",
        "repo": "flake-parts",
        "type": "github"
      }
    },
    "flake-utils": {
      "inputs": {
        "systems": "systems"
      },
      "locked": {
        "lastModified": 1726560853,
        "narHash": "sha256-X6rJYSESBVr3hBoH0WbKE5KvhPU5bloyZ2L4K60/fPQ=",
        "owner": "numtide",
        "repo": "flake-utils",
        "rev": "c1dfcf08411b08f6b8615f7d8971a2bfa81d5e8a",
        "type": "github"
      },
      "original": {
        "owner": "numtide",
        "repo": "flake-utils",
        "type": "github"
      }
    },
    "fromYaml": {
      "flake": false,
      "locked": {
        "lastModified": 1731966426,
        "narHash": "sha256-lq95WydhbUTWig/JpqiB7oViTcHFP8Lv41IGtayokA8=",
        "owner": "SenchoPens",
        "repo": "fromYaml",
        "rev": "106af9e2f715e2d828df706c386a685698f3223b",
        "type": "github"
      },
      "original": {
        "owner": "SenchoPens",
        "repo": "fromYaml",
        "type": "github"
      }
    },
    "git-hooks-nix": {
      "inputs": {
        "flake-compat": "flake-compat_2",
        "gitignore": [
          "determinate",
          "nix"
        ],
        "nixpkgs": [
          "determinate",
          "nix",
          "nixpkgs"
        ]
      },
      "locked": {
        "lastModified": 1747372754,
        "narHash": "sha256-2Y53NGIX2vxfie1rOW0Qb86vjRZ7ngizoo+bnXU9D9k=",
        "rev": "80479b6ec16fefd9c1db3ea13aeb038c60530f46",
        "revCount": 1026,
        "type": "tarball",
        "url": "https://api.flakehub.com/f/pinned/cachix/git-hooks.nix/0.1.1026%2Brev-80479b6ec16fefd9c1db3ea13aeb038c60530f46/0196d79a-1b35-7b8e-a021-c894fb62163d/source.tar.gz"
      },
      "original": {
        "type": "tarball",
        "url": "https://flakehub.com/f/cachix/git-hooks.nix/0.1.941"
      }
    },
    "gnome-shell": {
      "flake": false,
      "locked": {
        "host": "gitlab.gnome.org",
        "lastModified": 1767737596,
        "narHash": "sha256-eFujfIUQDgWnSJBablOuG+32hCai192yRdrNHTv0a+s=",
        "owner": "GNOME",
        "repo": "gnome-shell",
        "rev": "ef02db02bf0ff342734d525b5767814770d85b49",
        "type": "gitlab"
      },
      "original": {
        "host": "gitlab.gnome.org",
        "owner": "GNOME",
        "ref": "gnome-49",
        "repo": "gnome-shell",
        "type": "gitlab"
      }
    },
    "home-manager": {
      "inputs": {
        "nixpkgs": [
          "nixpkgs"
        ]
      },
      "locked": {
        "lastModified": 1770818644,
        "narHash": "sha256-DYS4jIRpRoKOzJjnR/QqEd/MlT4OZZpt8CrBLv+cjsE=",
        "owner": "nix-community",
        "repo": "home-manager",
        "rev": "0acbd1180697de56724821184ad2c3e6e7202cd7",
        "type": "github"
      },
      "original": {
        "owner": "nix-community",
        "repo": "home-manager",
        "type": "github"
      }
    },
    "import-tree": {
      "locked": {
        "lastModified": 1763762820,
        "narHash": "sha256-ZvYKbFib3AEwiNMLsejb/CWs/OL/srFQ8AogkebEPF0=",
        "owner": "vic",
        "repo": "import-tree",
        "rev": "3c23749d8013ec6daa1d7255057590e9ca726646",
        "type": "github"
      },
      "original": {
        "owner": "vic",
        "repo": "import-tree",
        "type": "github"
      }
    },
    "mcmpmgr": {
      "inputs": {
        "advisory-db": "advisory-db",
        "crane": "crane",
        "fenix": "fenix",
        "flake-utils": "flake-utils",
        "nixpkgs": [
          "nixpkgs"
        ]
      },
      "locked": {
        "lastModified": 1768745214,
        "narHash": "sha256-icadALwrhe8PdOa4hFKtHwnlihRsP+1ZlmxkC6eJLhg=",
        "owner": "WarrenHood",
        "repo": "MCModpackManager",
        "rev": "27fa205aceaeae96d08a542543ed5f7ee1829588",
        "type": "github"
      },
      "original": {
        "owner": "WarrenHood",
        "repo": "MCModpackManager",
        "type": "github"
      }
    },
    "niri": {
      "inputs": {
        "niri-stable": "niri-stable",
        "niri-unstable": "niri-unstable",
        "nixpkgs": [
          "nixpkgs"
        ],
        "nixpkgs-stable": "nixpkgs-stable",
        "xwayland-satellite-stable": "xwayland-satellite-stable",
        "xwayland-satellite-unstable": "xwayland-satellite-unstable"
      },
      "locked": {
        "lastModified": 1770739738,
        "narHash": "sha256-sLpvik461SjSY1b23gHhNbM9aMJF9iU4h2vPepi9JoM=",
        "owner": "sodiboo",
        "repo": "niri-flake",
        "rev": "9e23010320cfe4012adc2d8810495bad0fe2d4a6",
        "type": "github"
      },
      "original": {
        "owner": "sodiboo",
        "repo": "niri-flake",
        "type": "github"
      }
    },
    "niri-stable": {
      "flake": false,
      "locked": {
        "lastModified": 1756556321,
        "narHash": "sha256-RLD89dfjN0RVO86C/Mot0T7aduCygPGaYbog566F0Qo=",
        "owner": "YaLTeR",
        "repo": "niri",
        "rev": "01be0e65f4eb91a9cd624ac0b76aaeab765c7294",
        "type": "github"
      },
      "original": {
        "owner": "YaLTeR",
        "ref": "v25.08",
        "repo": "niri",
        "type": "github"
      }
    },
    "niri-unstable": {
      "flake": false,
      "locked": {
        "lastModified": 1770735554,
        "narHash": "sha256-8GzUa8bCyQ688jYW2waXrOqetTr7oV8UPTO2He+5Hsg=",
        "owner": "YaLTeR",
        "repo": "niri",
        "rev": "41b5de87692b8262fbdbff7faab93f04ff0be453",
        "type": "github"
      },
      "original": {
        "owner": "YaLTeR",
        "repo": "niri",
        "type": "github"
      }
    },
    "nix": {
      "inputs": {
        "flake-parts": "flake-parts",
        "git-hooks-nix": "git-hooks-nix",
        "nixpkgs": "nixpkgs",
        "nixpkgs-23-11": "nixpkgs-23-11",
        "nixpkgs-regression": "nixpkgs-regression"
      },
      "locked": {
        "lastModified": 1768960381,
        "narHash": "sha256-32oMe1y+kwvIJNiJsIvozTuSmDxcwST06i+0ak+L4AU=",
        "rev": "45ce621408cb8c9a724193d5fe858eb839662db8",
        "revCount": 24453,
        "type": "tarball",
        "url": "https://api.flakehub.com/f/pinned/DeterminateSystems/nix-src/3.15.2/019bde75-b4ee-74b2-a812-28dc2ee83d58/source.tar.gz"
      },
      "original": {
        "type": "tarball",
        "url": "https://flakehub.com/f/DeterminateSystems/nix-src/%2A"
      }
    },
    "nix-gaming": {
      "inputs": {
        "flake-parts": "flake-parts_3",
        "nixpkgs": [
          "nixpkgs"
        ]
      },
      "locked": {
        "lastModified": 1770778188,
        "narHash": "sha256-KZHPn3L6veRgRwOyfhaeM5ZTJfpkoY9EICIzUcQn4w8=",
        "owner": "fufexan",
        "repo": "nix-gaming",
        "rev": "59e3b8189047bc591635645d2c682020c13eeac5",
        "type": "github"
      },
      "original": {
        "owner": "fufexan",
        "repo": "nix-gaming",
        "type": "github"
      }
    },
    "nix-vscode-extensions": {
      "inputs": {
        "nixpkgs": [
          "nixpkgs-unstable"
        ]
      },
      "locked": {
        "lastModified": 1770778600,
        "narHash": "sha256-xTPaNglk/be9A9kt5U56wBr/FU2gHBmjRXMj00ZXoU8=",
        "owner": "nix-community",
        "repo": "nix-vscode-extensions",
        "rev": "fccfa780f00c7fc2359088f5d79671fa1f1b91b4",
        "type": "github"
      },
      "original": {
        "owner": "nix-community",
        "repo": "nix-vscode-extensions",
        "type": "github"
      }
    },
    "nixpkgs": {
      "locked": {
        "lastModified": 1761597516,
        "narHash": "sha256-wxX7u6D2rpkJLWkZ2E932SIvDJW8+ON/0Yy8+a5vsDU=",
        "rev": "daf6dc47aa4b44791372d6139ab7b25269184d55",
        "revCount": 811874,
        "type": "tarball",
        "url": "https://api.flakehub.com/f/pinned/NixOS/nixpkgs/0.2505.811874%2Brev-daf6dc47aa4b44791372d6139ab7b25269184d55/019a3494-3498-707e-9086-1fb81badc7fe/source.tar.gz"
      },
      "original": {
        "type": "tarball",
        "url": "https://flakehub.com/f/NixOS/nixpkgs/0.2505"
      }
    },
    "nixpkgs-23-11": {
      "locked": {
        "lastModified": 1717159533,
        "narHash": "sha256-oamiKNfr2MS6yH64rUn99mIZjc45nGJlj9eGth/3Xuw=",
        "owner": "NixOS",
        "repo": "nixpkgs",
        "rev": "a62e6edd6d5e1fa0329b8653c801147986f8d446",
        "type": "github"
      },
      "original": {
        "owner": "NixOS",
        "repo": "nixpkgs",
        "rev": "a62e6edd6d5e1fa0329b8653c801147986f8d446",
        "type": "github"
      }
    },
    "nixpkgs-lib": {
      "locked": {
        "lastModified": 1769909678,
        "narHash": "sha256-cBEymOf4/o3FD5AZnzC3J9hLbiZ+QDT/KDuyHXVJOpM=",
        "owner": "nix-community",
        "repo": "nixpkgs.lib",
        "rev": "72716169fe93074c333e8d0173151350670b824c",
        "type": "github"
      },
      "original": {
        "owner": "nix-community",
        "repo": "nixpkgs.lib",
        "type": "github"
      }
    },
    "nixpkgs-lib_2": {
      "locked": {
        "lastModified": 1769909678,
        "narHash": "sha256-cBEymOf4/o3FD5AZnzC3J9hLbiZ+QDT/KDuyHXVJOpM=",
        "owner": "nix-community",
        "repo": "nixpkgs.lib",
        "rev": "72716169fe93074c333e8d0173151350670b824c",
        "type": "github"
      },
      "original": {
        "owner": "nix-community",
        "repo": "nixpkgs.lib",
        "type": "github"
      }
    },
    "nixpkgs-regression": {
      "locked": {
        "lastModified": 1643052045,
        "narHash": "sha256-uGJ0VXIhWKGXxkeNnq4TvV3CIOkUJ3PAoLZ3HMzNVMw=",
        "owner": "NixOS",
        "repo": "nixpkgs",
        "rev": "215d4d0fd80ca5163643b03a33fde804a29cc1e2",
        "type": "github"
      },
      "original": {
        "owner": "NixOS",
        "repo": "nixpkgs",
        "rev": "215d4d0fd80ca5163643b03a33fde804a29cc1e2",
        "type": "github"
      }
    },
    "nixpkgs-stable": {
      "locked": {
        "lastModified": 1770617025,
        "narHash": "sha256-1jZvgZoAagZZB6NwGRv2T2ezPy+X6EFDsJm+YSlsvEs=",
        "owner": "NixOS",
        "repo": "nixpkgs",
        "rev": "2db38e08fdadcc0ce3232f7279bab59a15b94482",
        "type": "github"
      },
      "original": {
        "owner": "NixOS",
        "ref": "nixos-25.11",
        "repo": "nixpkgs",
        "type": "github"
      }
    },
    "nixpkgs-stable_2": {
      "locked": {
        "lastModified": 1751274312,
        "narHash": "sha256-/bVBlRpECLVzjV19t5KMdMFWSwKLtb5RyXdjz3LJT+g=",
        "owner": "NixOS",
        "repo": "nixpkgs",
        "rev": "50ab793786d9de88ee30ec4e4c24fb4236fc2674",
        "type": "github"
      },
      "original": {
        "owner": "NixOS",
        "ref": "nixos-24.11",
        "repo": "nixpkgs",
        "type": "github"
      }
    },
    "nixpkgs-unfree": {
      "inputs": {
        "nixpkgs": [
          "nixpkgs-unstable"
        ]
      },
      "locked": {
        "lastModified": 1755249704,
        "narHash": "sha256-J1mqsd/gqZ32G3YOzWk9sppLbXXLEpu37hrZfRcTtdg=",
        "owner": "numtide",
        "repo": "nixpkgs-unfree",
        "rev": "12d82a604d21a65df008bdb1515eecb96f9e55dc",
        "type": "github"
      },
      "original": {
        "owner": "numtide",
        "repo": "nixpkgs-unfree",
        "type": "github"
      }
    },
    "nixpkgs-unstable": {
      "locked": {
        "lastModified": 1770562336,
        "narHash": "sha256-ub1gpAONMFsT/GU2hV6ZWJjur8rJ6kKxdm9IlCT0j84=",
        "owner": "NixOS",
        "repo": "nixpkgs",
        "rev": "d6c71932130818840fc8fe9509cf50be8c64634f",
        "type": "github"
      },
      "original": {
        "owner": "NixOS",
        "ref": "nixos-unstable",
        "repo": "nixpkgs",
        "type": "github"
      }
    },
    "nixpkgs_2": {
      "locked": {
        "lastModified": 1768783163,
        "narHash": "sha256-tLj4KcRDLakrlpvboTJDKsrp6z2XLwyQ4Zmo+w8KsY4=",
        "rev": "bde09022887110deb780067364a0818e89258968",
        "revCount": 930106,
        "type": "tarball",
        "url": "https://api.flakehub.com/f/pinned/DeterminateSystems/nixpkgs-weekly/0.1.930106%2Brev-bde09022887110deb780067364a0818e89258968/019bd9ed-5f0b-7074-afb0-8bb5e13a7598/source.tar.gz"
      },
      "original": {
        "type": "tarball",
        "url": "https://flakehub.com/f/DeterminateSystems/nixpkgs-weekly/0.1"
      }
    },
    "nixpkgs_3": {
      "locked": {
        "lastModified": 1770562336,
        "narHash": "sha256-ub1gpAONMFsT/GU2hV6ZWJjur8rJ6kKxdm9IlCT0j84=",
        "owner": "NixOS",
        "repo": "nixpkgs",
        "rev": "d6c71932130818840fc8fe9509cf50be8c64634f",
        "type": "github"
      },
      "original": {
        "owner": "NixOS",
        "ref": "nixos-unstable",
        "repo": "nixpkgs",
        "type": "github"
      }
    },
    "nixvim": {
      "inputs": {
        "flake-parts": "flake-parts_4",
        "nixpkgs": [
          "nixpkgs-unstable"
        ],
        "systems": "systems_2"
      },
      "locked": {
        "lastModified": 1770630823,
        "narHash": "sha256-5SEmOnJ61vmbap39vzWEsCX5UQ+3Ul8J4mXWKdqSn3w=",
        "owner": "nix-community",
        "repo": "nixvim",
        "rev": "6acc964664ac916c64fe4e394edd467af4d90790",
        "type": "github"
      },
      "original": {
        "owner": "nix-community",
        "repo": "nixvim",
        "type": "github"
      }
    },
    "noctalia": {
      "inputs": {
        "nixpkgs": [
          "nixpkgs"
        ]
      },
      "locked": {
        "lastModified": 1770839206,
        "narHash": "sha256-FHtUbANP5mJCAtjc2u+wkCGGR0kKnKgz5r2M/Yf+JG4=",
        "owner": "noctalia-dev",
        "repo": "noctalia-shell",
        "rev": "02a5d103217606d9dab991de8097c2fa07dd795c",
        "type": "github"
      },
      "original": {
        "owner": "noctalia-dev",
        "repo": "noctalia-shell",
        "type": "github"
      }
    },
    "nur": {
      "inputs": {
        "flake-parts": [
          "stylix",
          "flake-parts"
        ],
        "nixpkgs": [
          "stylix",
          "nixpkgs"
        ]
      },
      "locked": {
        "lastModified": 1767810917,
        "narHash": "sha256-ZKqhk772+v/bujjhla9VABwcvz+hB2IaRyeLT6CFnT0=",
        "owner": "nix-community",
        "repo": "NUR",
        "rev": "dead29c804adc928d3a69dfe7f9f12d0eec1f1a4",
        "type": "github"
      },
      "original": {
        "owner": "nix-community",
        "repo": "NUR",
        "type": "github"
      }
    },
    "root": {
      "inputs": {
        "aagl": "aagl",
        "auto-cpufreq": "auto-cpufreq",
        "determinate": "determinate",
        "flake-parts": "flake-parts_2",
        "home-manager": "home-manager",
        "import-tree": "import-tree",
        "mcmpmgr": "mcmpmgr",
        "niri": "niri",
        "nix-gaming": "nix-gaming",
        "nix-vscode-extensions": "nix-vscode-extensions",
        "nixpkgs": "nixpkgs_3",
        "nixpkgs-stable": "nixpkgs-stable_2",
        "nixpkgs-unfree": "nixpkgs-unfree",
        "nixpkgs-unstable": "nixpkgs-unstable",
        "nixvim": "nixvim",
        "noctalia": "noctalia",
        "rust-overlay": "rust-overlay",
        "stylix": "stylix"
      }
    },
    "rust-overlay": {
      "inputs": {
        "nixpkgs": [
          "nixpkgs"
        ]
      },
      "locked": {
        "lastModified": 1770779462,
        "narHash": "sha256-ykcXTKtV+dOaKlOidAj6dpewBHjni9/oy/6VKcqfzfY=",
        "owner": "oxalica",
        "repo": "rust-overlay",
        "rev": "8a53b3ade61914cdb10387db991b90a3a6f3c441",
        "type": "github"
      },
      "original": {
        "owner": "oxalica",
        "repo": "rust-overlay",
        "type": "github"
      }
    },
    "stylix": {
      "inputs": {
        "base16": "base16",
        "base16-fish": "base16-fish",
        "base16-helix": "base16-helix",
        "base16-vim": "base16-vim",
        "firefox-gnome-theme": "firefox-gnome-theme",
        "flake-parts": "flake-parts_5",
        "gnome-shell": "gnome-shell",
        "nixpkgs": [
          "nixpkgs"
        ],
        "nur": "nur",
        "systems": "systems_3",
        "tinted-foot": "tinted-foot",
        "tinted-kitty": "tinted-kitty",
        "tinted-schemes": "tinted-schemes",
        "tinted-tmux": "tinted-tmux",
        "tinted-zed": "tinted-zed"
      },
      "locked": {
        "lastModified": 1770587906,
        "narHash": "sha256-N9ZTG3ia7l4iQO+9JlOj+sX4yu6gl7a3aozrlhSIJwQ=",
        "owner": "nix-community",
        "repo": "stylix",
        "rev": "72e6483a88d51471a6c55e1d43e7ed2bc47a76a4",
        "type": "github"
      },
      "original": {
        "owner": "nix-community",
        "repo": "stylix",
        "type": "github"
      }
    },
    "systems": {
      "locked": {
        "lastModified": 1681028828,
        "narHash": "sha256-Vy1rq5AaRuLzOxct8nz4T6wlgyUR7zLU309k9mBC768=",
        "owner": "nix-systems",
        "repo": "default",
        "rev": "da67096a3b9bf56a91d16901293e51ba5b49a27e",
        "type": "github"
      },
      "original": {
        "owner": "nix-systems",
        "repo": "default",
        "type": "github"
      }
    },
    "systems_2": {
      "locked": {
        "lastModified": 1681028828,
        "narHash": "sha256-Vy1rq5AaRuLzOxct8nz4T6wlgyUR7zLU309k9mBC768=",
        "owner": "nix-systems",
        "repo": "default",
        "rev": "da67096a3b9bf56a91d16901293e51ba5b49a27e",
        "type": "github"
      },
      "original": {
        "owner": "nix-systems",
        "repo": "default",
        "type": "github"
      }
    },
    "systems_3": {
      "locked": {
        "lastModified": 1681028828,
        "narHash": "sha256-Vy1rq5AaRuLzOxct8nz4T6wlgyUR7zLU309k9mBC768=",
        "owner": "nix-systems",
        "repo": "default",
        "rev": "da67096a3b9bf56a91d16901293e51ba5b49a27e",
        "type": "github"
      },
      "original": {
        "owner": "nix-systems",
        "repo": "default",
        "type": "github"
      }
    },
    "tinted-foot": {
      "flake": false,
      "locked": {
        "lastModified": 1726913040,
        "narHash": "sha256-+eDZPkw7efMNUf3/Pv0EmsidqdwNJ1TaOum6k7lngDQ=",
        "owner": "tinted-theming",
        "repo": "tinted-foot",
        "rev": "fd1b924b6c45c3e4465e8a849e67ea82933fcbe4",
        "type": "github"
      },
      "original": {
        "owner": "tinted-theming",
        "repo": "tinted-foot",
        "rev": "fd1b924b6c45c3e4465e8a849e67ea82933fcbe4",
        "type": "github"
      }
    },
    "tinted-kitty": {
      "flake": false,
      "locked": {
        "lastModified": 1735730497,
        "narHash": "sha256-4KtB+FiUzIeK/4aHCKce3V9HwRvYaxX+F1edUrfgzb8=",
        "owner": "tinted-theming",
        "repo": "tinted-kitty",
        "rev": "de6f888497f2c6b2279361bfc790f164bfd0f3fa",
        "type": "github"
      },
      "original": {
        "owner": "tinted-theming",
        "repo": "tinted-kitty",
        "type": "github"
      }
    },
    "tinted-schemes": {
      "flake": false,
      "locked": {
        "lastModified": 1767710407,
        "narHash": "sha256-+W1EB79Jl0/gm4JqmO0Nuc5C7hRdp4vfsV/VdzI+des=",
        "owner": "tinted-theming",
        "repo": "schemes",
        "rev": "2800e2b8ac90f678d7e4acebe4fa253f602e05b2",
        "type": "github"
      },
      "original": {
        "owner": "tinted-theming",
        "repo": "schemes",
        "type": "github"
      }
    },
    "tinted-tmux": {
      "flake": false,
      "locked": {
        "lastModified": 1767489635,
        "narHash": "sha256-e6nnFnWXKBCJjCv4QG4bbcouJ6y3yeT70V9MofL32lU=",
        "owner": "tinted-theming",
        "repo": "tinted-tmux",
        "rev": "3c32729ccae99be44fe8a125d20be06f8d7d8184",
        "type": "github"
      },
      "original": {
        "owner": "tinted-theming",
        "repo": "tinted-tmux",
        "type": "github"
      }
    },
    "tinted-zed": {
      "flake": false,
      "locked": {
        "lastModified": 1767488740,
        "narHash": "sha256-wVOj0qyil8m+ouSsVZcNjl5ZR+1GdOOAooAatQXHbuU=",
        "owner": "tinted-theming",
        "repo": "base16-zed",
        "rev": "11abb0b282ad3786a2aae088d3a01c60916f2e40",
        "type": "github"
      },
      "original": {
        "owner": "tinted-theming",
        "repo": "base16-zed",
        "type": "github"
      }
    },
    "xwayland-satellite-stable": {
      "flake": false,
      "locked": {
        "lastModified": 1755491097,
        "narHash": "sha256-m+9tUfsmBeF2Gn4HWa6vSITZ4Gz1eA1F5Kh62B0N4oE=",
        "owner": "Supreeeme",
        "repo": "xwayland-satellite",
        "rev": "388d291e82ffbc73be18169d39470f340707edaa",
        "type": "github"
      },
      "original": {
        "owner": "Supreeeme",
        "ref": "v0.7",
        "repo": "xwayland-satellite",
        "type": "github"
      }
    },
    "xwayland-satellite-unstable": {
      "flake": false,
      "locked": {
        "lastModified": 1770583271,
        "narHash": "sha256-Q75S8cEqJoZ92s1y4zArvk2U1ayAy2E4SaF7gbNXkYQ=",
        "owner": "Supreeeme",
        "repo": "xwayland-satellite",
        "rev": "86f5bd5d867ad6e120935dfe825f6b903ebbeddd",
        "type": "github"
      },
      "original": {
        "owner": "Supreeeme",
        "repo": "xwayland-satellite",
        "type": "github"
      }
    }
  },
  "root": "root",
  "version": 7
}
